
Microsoft Visual Studio Solution File, Format Version 12.00
# Visual Studio Version 16
VisualStudioVersion = 16.0.30621.155
MinimumVisualStudioVersion = 10.0.40219.1
Project("{FAE04EC0-301F-11D3-BF4B-00C04F79EFBC}") = "Music media", "Music media\Music media.csproj", "{0CB11933-4B5C-4EC6-9D6C-E1407A92E823}"
EndProject
Global
	GlobalSection(SolutionConfigurationPlatforms) = preSolution
		Debug|Any CPU = Debug|Any CPU
		Release|Any CPU = Release|Any CPU
	EndGlobalSection
	GlobalSection(ProjectConfigurationPlatforms) = postSolution
		{0CB11933-4B5C-4EC6-9D6C-E1407A92E823}.Debug|Any CPU.ActiveCfg = Debug|Any CPU
		{0CB11933-4B5C-4EC6-9D6C-E1407A92E823}.Debug|Any CPU.Build.0 = Debug|Any CPU
		{0CB11933-4B5C-4EC6-9D6C-E1407A92E823}.Release|Any CPU.ActiveCfg = Release|Any CPU
		{0CB11933-4B5C-4EC6-9D6C-E1407A92E823}.Release|Any CPU.Build.0 = Release|Any CPU
	EndGlobalSection
	GlobalSection(SolutionProperties) = preSolution
		HideSolutionNode = FALSE
	EndGlobalSection
	GlobalSection(ExtensibilityGlobals) = postSolution
		SolutionGuid = {BFDCBF14-9AC8-4DB3-8C72-8B3C1361C4A0}
	EndGlobalSection
EndGlobal
